// !$*UTF8*$!
{
	archiveVersion = 1;
	classes = {
	};
	objectVersion = 46;
	objects = {

/* Begin PBXBuildFile section */
		300BF2371CC11EEA001DB9A0 /* LocalizationManager.m in Sources */ = {isa = PBXBuildFile; fileRef = 300BF2361CC11EEA001DB9A0 /* LocalizationManager.m */; };
		300F615E1CC0D30400F5C5E0 /* AppDelegate.m in Sources */ = {isa = PBXBuildFile; fileRef = 300F614C1CC0D30400F5C5E0 /* AppDelegate.m */; };
		300F61631CC0D30400F5C5E0 /* Assets.xcassets in Resources */ = {isa = PBXBuildFile; fileRef = 300F61531CC0D30400F5C5E0 /* Assets.xcassets */; };
		300F61641CC0D30400F5C5E0 /* ViewController.m in Sources */ = {isa = PBXBuildFile; fileRef = 300F615A1CC0D30400F5C5E0 /* ViewController.m */; };
		300F61661CC0D30400F5C5E0 /* main.m in Sources */ = {isa = PBXBuildFile; fileRef = 300F615D1CC0D30400F5C5E0 /* main.m */; };
		300F61691CC0D37B00F5C5E0 /* LaunchScreen.storyboard in Resources */ = {isa = PBXBuildFile; fileRef = 300F61671CC0D37B00F5C5E0 /* LaunchScreen.storyboard */; };
		300F616F1CC0D46700F5C5E0 /* hello_ar.mp3 in Resources */ = {isa = PBXBuildFile; fileRef = 300F616B1CC0D46700F5C5E0 /* hello_ar.mp3 */; };
		300F61701CC0D46700F5C5E0 /* hello_zh.mp3 in Resources */ = {isa = PBXBuildFile; fileRef = 300F616C1CC0D46700F5C5E0 /* hello_zh.mp3 */; };
		300F61711CC0D46700F5C5E0 /* hello_en.mp3 in Resources */ = {isa = PBXBuildFile; fileRef = 300F616D1CC0D46700F5C5E0 /* hello_en.mp3 */; };
		300F61721CC0D46700F5C5E0 /* hello_uk.mp3 in Resources */ = {isa = PBXBuildFile; fileRef = 300F616E1CC0D46700F5C5E0 /* hello_uk.mp3 */; };
		300F61731CC0D4E800F5C5E0 /* Main.storyboard in Resources */ = {isa = PBXBuildFile; fileRef = 300F61751CC0D4E800F5C5E0 /* Main.storyboard */; };
		300F61841CC0DA7200F5C5E0 /* Localizable.strings in Resources */ = {isa = PBXBuildFile; fileRef = 300F61861CC0DA7200F5C5E0 /* Localizable.strings */; };
		3099C6FC1CC0E7BF008DCAA2 /* SettingsTableViewController.m in Sources */ = {isa = PBXBuildFile; fileRef = 3099C6FB1CC0E7BF008DCAA2 /* SettingsTableViewController.m */; };
/* End PBXBuildFile section */

/* Begin PBXFileReference section */
		300BF2351CC11EEA001DB9A0 /* LocalizationManager.h */ = {isa = PBXFileReference; fileEncoding = 4; lastKnownFileType = sourcecode.c.h; path = LocalizationManager.h; sourceTree = "<group>"; };
		300BF2361CC11EEA001DB9A0 /* LocalizationManager.m */ = {isa = PBXFileReference; fileEncoding = 4; lastKnownFileType = sourcecode.c.objc; path = LocalizationManager.m; sourceTree = "<group>"; };
		300F612F1CC0D18A00F5C5E0 /* LocalizationExample.app */ = {isa = PBXFileReference; explicitFileType = wrapper.application; includeInIndex = 0; path = LocalizationExample.app; sourceTree = BUILT_PRODUCTS_DIR; };
		300F614B1CC0D30400F5C5E0 /* AppDelegate.h */ = {isa = PBXFileReference; fileEncoding = 4; lastKnownFileType = sourcecode.c.h; path = AppDelegate.h; sourceTree = "<group>"; };
		300F614C1CC0D30400F5C5E0 /* AppDelegate.m */ = {isa = PBXFileReference; fileEncoding = 4; lastKnownFileType = sourcecode.c.objc; path = AppDelegate.m; sourceTree = "<group>"; };
		300F61531CC0D30400F5C5E0 /* Assets.xcassets */ = {isa = PBXFileReference; lastKnownFileType = folder.assetcatalog; path = Assets.xcassets; sourceTree = "<group>"; };
		300F61591CC0D30400F5C5E0 /* ViewController.h */ = {isa = PBXFileReference; fileEncoding = 4; lastKnownFileType = sourcecode.c.h; path = ViewController.h; sourceTree = "<group>"; };
		300F615A1CC0D30400F5C5E0 /* ViewController.m */ = {isa = PBXFileReference; fileEncoding = 4; lastKnownFileType = sourcecode.c.objc; path = ViewController.m; sourceTree = "<group>"; };
		300F615D1CC0D30400F5C5E0 /* main.m */ = {isa = PBXFileReference; fileEncoding = 4; lastKnownFileType = sourcecode.c.objc; path = main.m; sourceTree = "<group>"; };
		300F61671CC0D37B00F5C5E0 /* LaunchScreen.storyboard */ = {isa = PBXFileReference; fileEncoding = 4; lastKnownFileType = file.storyboard; path = LaunchScreen.storyboard; sourceTree = "<group>"; };
		300F616B1CC0D46700F5C5E0 /* hello_ar.mp3 */ = {isa = PBXFileReference; lastKnownFileType = audio.mp3; path = hello_ar.mp3; sourceTree = "<group>"; };
		300F616C1CC0D46700F5C5E0 /* hello_zh.mp3 */ = {isa = PBXFileReference; lastKnownFileType = audio.mp3; path = hello_zh.mp3; sourceTree = "<group>"; };
		300F616D1CC0D46700F5C5E0 /* hello_en.mp3 */ = {isa = PBXFileReference; lastKnownFileType = audio.mp3; path = hello_en.mp3; sourceTree = "<group>"; };
		300F616E1CC0D46700F5C5E0 /* hello_uk.mp3 */ = {isa = PBXFileReference; lastKnownFileType = audio.mp3; path = hello_uk.mp3; sourceTree = "<group>"; };
		300F61741CC0D4E800F5C5E0 /* Base */ = {isa = PBXFileReference; lastKnownFileType = file.storyboard; name = Base; path = Base.lproj/Main.storyboard; sourceTree = "<group>"; };
		300F61781CC0D51900F5C5E0 /* zh-Hans */ = {isa = PBXFileReference; lastKnownFileType = text.plist.strings; name = "zh-Hans"; path = "zh-Hans.lproj/Main.strings"; sourceTree = "<group>"; };
		300F617A1CC0D52600F5C5E0 /* ar */ = {isa = PBXFileReference; lastKnownFileType = text.plist.strings; name = ar; path = ar.lproj/Main.strings; sourceTree = "<group>"; };
		300F617C1CC0D53700F5C5E0 /* uk */ = {isa = PBXFileReference; lastKnownFileType = text.plist.strings; name = uk; path = uk.lproj/Main.strings; sourceTree = "<group>"; };
		300F617F1CC0DA1900F5C5E0 /* en */ = {isa = PBXFileReference; lastKnownFileType = text.plist.strings; name = en; path = en.lproj/Main.strings; sourceTree = "<group>"; };
		300F61851CC0DA7200F5C5E0 /* Base */ = {isa = PBXFileReference; lastKnownFileType = text.plist.strings; name = Base; path = Base.lproj/Localizable.strings; sourceTree = "<group>"; };
		300F61871CC0DA7300F5C5E0 /* en */ = {isa = PBXFileReference; lastKnownFileType = text.plist.strings; name = en; path = en.lproj/Localizable.strings; sourceTree = "<group>"; };
		300F61881CC0DA7400F5C5E0 /* zh-Hans */ = {isa = PBXFileReference; lastKnownFileType = text.plist.strings; name = "zh-Hans"; path = "zh-Hans.lproj/Localizable.strings"; sourceTree = "<group>"; };
		300F61891CC0DA7700F5C5E0 /* ar */ = {isa = PBXFileReference; lastKnownFileType = text.plist.strings; name = ar; path = ar.lproj/Localizable.strings; sourceTree = "<group>"; };
		300F618A1CC0DA7900F5C5E0 /* uk */ = {isa = PBXFileReference; lastKnownFileType = text.plist.strings; name = uk; path = uk.lproj/Localizable.strings; sourceTree = "<group>"; };
		300F618C1CC0E03600F5C5E0 /* Info.plist */ = {isa = PBXFileReference; fileEncoding = 4; lastKnownFileType = text.plist.xml; path = Info.plist; sourceTree = "<group>"; };
		3099C6FA1CC0E7BF008DCAA2 /* SettingsTableViewController.h */ = {isa = PBXFileReference; fileEncoding = 4; lastKnownFileType = sourcecode.c.h; path = SettingsTableViewController.h; sourceTree = "<group>"; };
		3099C6FB1CC0E7BF008DCAA2 /* SettingsTableViewController.m */ = {isa = PBXFileReference; fileEncoding = 4; lastKnownFileType = sourcecode.c.objc; path = SettingsTableViewController.m; sourceTree = "<group>"; };
/* End PBXFileReference section */

/* Begin PBXFrameworksBuildPhase section */
		300F612C1CC0D18A00F5C5E0 /* Frameworks */ = {
			isa = PBXFrameworksBuildPhase;
			buildActionMask = 2147483647;
			files = (
			);
			runOnlyForDeploymentPostprocessing = 0;
		};
/* End PBXFrameworksBuildPhase section */

/* Begin PBXGroup section */
		300BF2331CC110D9001DB9A0 /* Managers */ = {
			isa = PBXGroup;
			children = (
				300BF2341CC110D9001DB9A0 /* LocalizationManager */,
			);
			path = Managers;
			sourceTree = "<group>";
		};
		300BF2341CC110D9001DB9A0 /* LocalizationManager */ = {
			isa = PBXGroup;
			children = (
				300BF2351CC11EEA001DB9A0 /* LocalizationManager.h */,
				300BF2361CC11EEA001DB9A0 /* LocalizationManager.m */,
			);
			path = LocalizationManager;
			sourceTree = "<group>";
		};
		300F61261CC0D18A00F5C5E0 = {
			isa = PBXGroup;
			children = (
				300F61311CC0D18A00F5C5E0 /* LocalizationExample */,
				300F61301CC0D18A00F5C5E0 /* Products */,
			);
			sourceTree = "<group>";
		};
		300F61301CC0D18A00F5C5E0 /* Products */ = {
			isa = PBXGroup;
			children = (
				300F612F1CC0D18A00F5C5E0 /* LocalizationExample.app */,
			);
			name = Products;
			sourceTree = "<group>";
		};
		300F61311CC0D18A00F5C5E0 /* LocalizationExample */ = {
			isa = PBXGroup;
			children = (
				300F61491CC0D30400F5C5E0 /* Application */,
				300F61561CC0D30400F5C5E0 /* Classes */,
				300F615B1CC0D30400F5C5E0 /* SupportingFiles */,
			);
			path = LocalizationExample;
			sourceTree = "<group>";
		};
		300F61491CC0D30400F5C5E0 /* Application */ = {
			isa = PBXGroup;
			children = (
				300F614A1CC0D30400F5C5E0 /* AppDelegate */,
				300F614D1CC0D30400F5C5E0 /* Resources */,
				300F61551CC0D30400F5C5E0 /* Storyboards */,
			);
			path = Application;
			sourceTree = "<group>";
		};
		300F614A1CC0D30400F5C5E0 /* AppDelegate */ = {
			isa = PBXGroup;
			children = (
				300F614B1CC0D30400F5C5E0 /* AppDelegate.h */,
				300F614C1CC0D30400F5C5E0 /* AppDelegate.m */,
			);
			path = AppDelegate;
			sourceTree = "<group>";
		};
		300F614D1CC0D30400F5C5E0 /* Resources */ = {
			isa = PBXGroup;
			children = (
				300F61811CC0DA5200F5C5E0 /* Localizations */,
				300F61521CC0D30400F5C5E0 /* Images */,
				300F61541CC0D30400F5C5E0 /* Sounds */,
			);
			path = Resources;
			sourceTree = "<group>";
		};
		300F61521CC0D30400F5C5E0 /* Images */ = {
			isa = PBXGroup;
			children = (
				300F61531CC0D30400F5C5E0 /* Assets.xcassets */,
			);
			path = Images;
			sourceTree = "<group>";
		};
		300F61541CC0D30400F5C5E0 /* Sounds */ = {
			isa = PBXGroup;
			children = (
				300F616B1CC0D46700F5C5E0 /* hello_ar.mp3 */,
				300F616C1CC0D46700F5C5E0 /* hello_zh.mp3 */,
				300F616D1CC0D46700F5C5E0 /* hello_en.mp3 */,
				300F616E1CC0D46700F5C5E0 /* hello_uk.mp3 */,
			);
			path = Sounds;
			sourceTree = "<group>";
		};
		300F61551CC0D30400F5C5E0 /* Storyboards */ = {
			isa = PBXGroup;
			children = (
				300F61671CC0D37B00F5C5E0 /* LaunchScreen.storyboard */,
				300F61751CC0D4E800F5C5E0 /* Main.storyboard */,
			);
			path = Storyboards;
			sourceTree = "<group>";
		};
		300F61561CC0D30400F5C5E0 /* Classes */ = {
			isa = PBXGroup;
			children = (
				300BF2331CC110D9001DB9A0 /* Managers */,
				300F61571CC0D30400F5C5E0 /* ViewControllers */,
			);
			path = Classes;
			sourceTree = "<group>";
		};
		300F61571CC0D30400F5C5E0 /* ViewControllers */ = {
			isa = PBXGroup;
			children = (
				3099C6F61CC0E78A008DCAA2 /* SettingsTableViewcontroller */,
				300F61581CC0D30400F5C5E0 /* MainViewController */,
			);
			path = ViewControllers;
			sourceTree = "<group>";
		};
		300F61581CC0D30400F5C5E0 /* MainViewController */ = {
			isa = PBXGroup;
			children = (
				300F61591CC0D30400F5C5E0 /* ViewController.h */,
				300F615A1CC0D30400F5C5E0 /* ViewController.m */,
			);
			path = MainViewController;
			sourceTree = "<group>";
		};
		300F615B1CC0D30400F5C5E0 /* SupportingFiles */ = {
			isa = PBXGroup;
			children = (
				300F618C1CC0E03600F5C5E0 /* Info.plist */,
				300F615D1CC0D30400F5C5E0 /* main.m */,
			);
			path = SupportingFiles;
			sourceTree = "<group>";
		};
		300F61811CC0DA5200F5C5E0 /* Localizations */ = {
			isa = PBXGroup;
			children = (
				300F61861CC0DA7200F5C5E0 /* Localizable.strings */,
			);
			path = Localizations;
			sourceTree = "<group>";
		};
		3099C6F61CC0E78A008DCAA2 /* SettingsTableViewcontroller */ = {
			isa = PBXGroup;
			children = (
				3099C6FA1CC0E7BF008DCAA2 /* SettingsTableViewController.h */,
				3099C6FB1CC0E7BF008DCAA2 /* SettingsTableViewController.m */,
			);
			path = SettingsTableViewcontroller;
			sourceTree = "<group>";
		};
/* End PBXGroup section */

/* Begin PBXNativeTarget section */
		300F612E1CC0D18A00F5C5E0 /* LocalizationExample */ = {
			isa = PBXNativeTarget;
			buildConfigurationList = 300F61461CC0D18A00F5C5E0 /* Build configuration list for PBXNativeTarget "LocalizationExample" */;
			buildPhases = (
				300F612B1CC0D18A00F5C5E0 /* Sources */,
				300F612C1CC0D18A00F5C5E0 /* Frameworks */,
				300F612D1CC0D18A00F5C5E0 /* Resources */,
			);
			buildRules = (
			);
			dependencies = (
			);
			name = LocalizationExample;
			productName = LocalizationExample;
			productReference = 300F612F1CC0D18A00F5C5E0 /* LocalizationExample.app */;
			productType = "com.apple.product-type.application";
		};
/* End PBXNativeTarget section */

/* Begin PBXProject section */
		300F61271CC0D18A00F5C5E0 /* Project object */ = {
			isa = PBXProject;
			attributes = {
				LastUpgradeCheck = 0720;
				ORGANIZATIONNAME = iOS_task;
				TargetAttributes = {
					300F612E1CC0D18A00F5C5E0 = {
						CreatedOnToolsVersion = 7.2.1;
						DevelopmentTeam = AG9XVNZKTY;
					};
				};
			};
			buildConfigurationList = 300F612A1CC0D18A00F5C5E0 /* Build configuration list for PBXProject "LocalizationExample" */;
			compatibilityVersion = "Xcode 3.2";
			developmentRegion = English;
			hasScannedForEncodings = 0;
			knownRegions = (
				en,
				Base,
				"zh-Hans",
				ar,
				uk,
			);
			mainGroup = 300F61261CC0D18A00F5C5E0;
			productRefGroup = 300F61301CC0D18A00F5C5E0 /* Products */;
			projectDirPath = "";
			projectRoot = "";
			targets = (
				300F612E1CC0D18A00F5C5E0 /* LocalizationExample */,
			);
		};
/* End PBXProject section */

/* Begin PBXResourcesBuildPhase section */
		300F612D1CC0D18A00F5C5E0 /* Resources */ = {
			isa = PBXResourcesBuildPhase;
			buildActionMask = 2147483647;
			files = (
				300F61711CC0D46700F5C5E0 /* hello_en.mp3 in Resources */,
				300F616F1CC0D46700F5C5E0 /* hello_ar.mp3 in Resources */,
				300F61721CC0D46700F5C5E0 /* hello_uk.mp3 in Resources */,
				300F61731CC0D4E800F5C5E0 /* Main.storyboard in Resources */,
				300F61691CC0D37B00F5C5E0 /* LaunchScreen.storyboard in Resources */,
				300F61841CC0DA7200F5C5E0 /* Localizable.strings in Resources */,
				300F61701CC0D46700F5C5E0 /* hello_zh.mp3 in Resources */,
				300F61631CC0D30400F5C5E0 /* Assets.xcassets in Resources */,
			);
			runOnlyForDeploymentPostprocessing = 0;
		};
/* End PBXResourcesBuildPhase section */

/* Begin PBXSourcesBuildPhase section */
		300F612B1CC0D18A00F5C5E0 /* Sources */ = {
			isa = PBXSourcesBuildPhase;
			buildActionMask = 2147483647;
			files = (
				3099C6FC1CC0E7BF008DCAA2 /* SettingsTableViewController.m in Sources */,
				300F61641CC0D30400F5C5E0 /* ViewController.m in Sources */,
				300F61661CC0D30400F5C5E0 /* main.m in Sources */,
				300BF2371CC11EEA001DB9A0 /* LocalizationManager.m in Sources */,
				300F615E1CC0D30400F5C5E0 /* AppDelegate.m in Sources */,
			);
			runOnlyForDeploymentPostprocessing = 0;
		};
/* End PBXSourcesBuildPhase section */

/* Begin PBXVariantGroup section */
		300F61751CC0D4E800F5C5E0 /* Main.storyboard */ = {
			isa = PBXVariantGroup;
			children = (
				300F61741CC0D4E800F5C5E0 /* Base */,
				300F61781CC0D51900F5C5E0 /* zh-Hans */,
				300F617A1CC0D52600F5C5E0 /* ar */,
				300F617C1CC0D53700F5C5E0 /* uk */,
				300F617F1CC0DA1900F5C5E0 /* en */,
			);
			name = Main.storyboard;
			sourceTree = "<group>";
		};
		300F61861CC0DA7200F5C5E0 /* Localizable.strings */ = {
			isa = PBXVariantGroup;
			children = (
				300F61851CC0DA7200F5C5E0 /* Base */,
				300F61871CC0DA7300F5C5E0 /* en */,
				300F61881CC0DA7400F5C5E0 /* zh-Hans */,
				300F61891CC0DA7700F5C5E0 /* ar */,
				300F618A1CC0DA7900F5C5E0 /* uk */,
			);
			name = Localizable.strings;
			sourceTree = "<group>";
		};
/* End PBXVariantGroup section */

/* Begin XCBuildConfiguration section */
		300F61441CC0D18A00F5C5E0 /* Debug */ = {
			isa = XCBuildConfiguration;
			buildSettings = {
				ALWAYS_SEARCH_USER_PATHS = NO;
				CLANG_CXX_LANGUAGE_STANDARD = "gnu++0x";
				CLANG_CXX_LIBRARY = "libc++";
				CLANG_ENABLE_MODULES = YES;
				CLANG_ENABLE_OBJC_ARC = YES;
				CLANG_WARN_BOOL_CONVERSION = YES;
				CLANG_WARN_CONSTANT_CONVERSION = YES;
				CLANG_WARN_DIRECT_OBJC_ISA_USAGE = YES_ERROR;
				CLANG_WARN_EMPTY_BODY = YES;
				CLANG_WARN_ENUM_CONVERSION = YES;
				CLANG_WARN_INT_CONVERSION = YES;
				CLANG_WARN_OBJC_ROOT_CLASS = YES_ERROR;
				CLANG_WARN_UNREACHABLE_CODE = YES;
				CLANG_WARN__DUPLICATE_METHOD_MATCH = YES;
				"CODE_SIGN_IDENTITY[sdk=iphoneos*]" = "iPhone Developer";
				COPY_PHASE_STRIP = NO;
				DEBUG_INFORMATION_FORMAT = dwarf;
				ENABLE_STRICT_OBJC_MSGSEND = YES;
				ENABLE_TESTABILITY = YES;
				GCC_C_LANGUAGE_STANDARD = gnu99;
				GCC_DYNAMIC_NO_PIC = NO;
				GCC_NO_COMMON_BLOCKS = YES;
				GCC_OPTIMIZATION_LEVEL = 0;
				GCC_PREPROCESSOR_DEFINITIONS = (
					"DEBUG=1",
					"$(inherited)",
				);
				GCC_WARN_64_TO_32_BIT_CONVERSION = YES;
				GCC_WARN_ABOUT_RETURN_TYPE = YES_ERROR;
				GCC_WARN_UNDECLARED_SELECTOR = YES;
				GCC_WARN_UNINITIALIZED_AUTOS = YES_AGGRESSIVE;
				GCC_WARN_UNUSED_FUNCTION = YES;
				GCC_WARN_UNUSED_VARIABLE = YES;
				IPHONEOS_DEPLOYMENT_TARGET = 7.1;
				MTL_ENABLE_DEBUG_INFO = YES;
				ONLY_ACTIVE_ARCH = YES;
				SDKROOT = iphoneos;
			};
			name = Debug;
		};
		300F61451CC0D18A00F5C5E0 /* Release */ = {
			isa = XCBuildConfiguration;
			buildSettings = {
				ALWAYS_SEARCH_USER_PATHS = NO;
				CLANG_CXX_LANGUAGE_STANDARD = "gnu++0x";
				CLANG_CXX_LIBRARY = "libc++";
				CLANG_ENABLE_MODULES = YES;
				CLANG_ENABLE_OBJC_ARC = YES;
				CLANG_WARN_BOOL_CONVERSION = YES;
				CLANG_WARN_CONSTANT_CONVERSION = YES;
				CLANG_WARN_DIRECT_OBJC_ISA_USAGE = YES_ERROR;
				CLANG_WARN_EMPTY_BODY = YES;
				CLANG_WARN_ENUM_CONVERSION = YES;
				CLANG_WARN_INT_CONVERSION = YES;
				CLANG_WARN_OBJC_ROOT_CLASS = YES_ERROR;
				CLANG_WARN_UNREACHABLE_CODE = YES;
				CLANG_WARN__DUPLICATE_METHOD_MATCH = YES;
				"CODE_SIGN_IDENTITY[sdk=iphoneos*]" = "iPhone Developer";
				COPY_PHASE_STRIP = NO;
				DEBUG_INFORMATION_FORMAT = "dwarf-with-dsym";
				ENABLE_NS_ASSERTIONS = NO;
				ENABLE_STRICT_OBJC_MSGSEND = YES;
				GCC_C_LANGUAGE_STANDARD = gnu99;
				GCC_NO_COMMON_BLOCKS = YES;
				GCC_WARN_64_TO_32_BIT_CONVERSION = YES;
				GCC_WARN_ABOUT_RETURN_TYPE = YES_ERROR;
				GCC_WARN_UNDECLARED_SELECTOR = YES;
				GCC_WARN_UNINITIALIZED_AUTOS = YES_AGGRESSIVE;
				GCC_WARN_UNUSED_FUNCTION = YES;
				GCC_WARN_UNUSED_VARIABLE = YES;
				IPHONEOS_DEPLOYMENT_TARGET = 7.1;
				MTL_ENABLE_DEBUG_INFO = NO;
				SDKROOT = iphoneos;
				VALIDATE_PRODUCT = YES;
			};
			name = Release;
		};
		300F61471CC0D18A00F5C5E0 /* Debug */ = {
			isa = XCBuildConfiguration;
			buildSettings = {
				ASSETCATALOG_COMPILER_APPICON_NAME = AppIcon;
				INFOPLIST_FILE = "$(SRCROOT)/LocalizationExample/SupportingFiles/Info.plist";
				IPHONEOS_DEPLOYMENT_TARGET = 8.4;
				LD_RUNPATH_SEARCH_PATHS = "$(inherited) @executable_path/Frameworks";
				PRODUCT_BUNDLE_IDENTIFIER = "iOS-task.LocalizationExample";
				PRODUCT_NAME = "$(TARGET_NAME)";
			};
			name = Debug;
		};
		300F61481CC0D18A00F5C5E0 /* Release */ = {
			isa = XCBuildConfiguration;
			buildSettings = {
				ASSETCATALOG_COMPILER_APPICON_NAME = AppIcon;
				INFOPLIST_FILE = "$(SRCROOT)/LocalizationExample/SupportingFiles/Info.plist";
				IPHONEOS_DEPLOYMENT_TARGET = 8.4;
				LD_RUNPATH_SEARCH_PATHS = "$(inherited) @executable_path/Frameworks";
				PRODUCT_BUNDLE_IDENTIFIER = "iOS-task.LocalizationExample";
				PRODUCT_NAME = "$(TARGET_NAME)";
			};
			name = Release;
		};
/* End XCBuildConfiguration section */

/* Begin XCConfigurationList section */
		300F612A1CC0D18A00F5C5E0 /* Build configuration list for PBXProject "LocalizationExample" */ = {
			isa = XCConfigurationList;
			buildConfigurations = (
				300F61441CC0D18A00F5C5E0 /* Debug */,
				300F61451CC0D18A00F5C5E0 /* Release */,
			);
			defaultConfigurationIsVisible = 0;
			defaultConfigurationName = Release;
		};
		300F61461CC0D18A00F5C5E0 /* Build configuration list for PBXNativeTarget "LocalizationExample" */ = {
			isa = XCConfigurationList;
			buildConfigurations = (
				300F61471CC0D18A00F5C5E0 /* Debug */,
				300F61481CC0D18A00F5C5E0 /* Release */,
			);
			defaultConfigurationIsVisible = 0;
			defaultConfigurationName = Release;
		};
/* End XCConfigurationList section */
	};
	rootObject = 300F61271CC0D18A00F5C5E0 /* Project object */;
}
